
Microsoft Visual Studio Solution File, Format Version 12.00
# Visual Studio Version 17
VisualStudioVersion = 17.9.34728.123
MinimumVisualStudioVersion = 10.0.40219.1
Project("{9A19103F-16F7-4668-BE54-9A1E7A4F7556}") = "NetworkDevicesApp", "NetworkDevicesApp\NetworkDevicesApp.csproj", "{7054EEA1-0FBF-41EF-87D8-6A824DD71C5B}"
EndProject
Project("{FAE04EC0-301F-11D3-BF4B-00C04F79EFBC}") = "MyWebApp", "MyWebApp\MyWebApp.csproj", "{3C6571EE-6008-4659-8A78-EC16ECAF6DE3}"
EndProject
Project("{FAE04EC0-301F-11D3-BF4B-00C04F79EFBC}") = "DatabaseApp", "DatabaseApp\DatabaseApp.csproj", "{E9BA2718-C2E3-4C5D-8A57-75CBD193D9D4}"
EndProject
Project("{FAE04EC0-301F-11D3-BF4B-00C04F79EFBC}") = "P2PChatApp", "P2PChatApp\P2PChatApp.csproj", "{9EF3180F-5AB0-4981-986F-09A4DB6078D4}"
EndProject
Project("{FAE04EC0-301F-11D3-BF4B-00C04F79EFBC}") = "CryptographyApp", "CryptographyApp\CryptographyApp.csproj", "{0487385C-8D55-425F-9073-38C2F8A210D5}"
EndProject
Project("{FAE04EC0-301F-11D3-BF4B-00C04F79EFBC}") = "TemperatureServer", "TemperatureServer\TemperatureServer.csproj", "{14435AAB-5347-4758-BF63-02ABA658EE1A}"
EndProject
Project("{FAE04EC0-301F-11D3-BF4B-00C04F79EFBC}") = "IoTDeviceApp", "IoTDeviceApp\IoTDeviceApp.csproj", "{4A6B9666-E285-4134-A17D-AAE98F9BD7F4}"
EndProject
Global
	GlobalSection(SolutionConfigurationPlatforms) = preSolution
		Debug|Any CPU = Debug|Any CPU
		Release|Any CPU = Release|Any CPU
	EndGlobalSection
	GlobalSection(ProjectConfigurationPlatforms) = postSolution
		{7054EEA1-0FBF-41EF-87D8-6A824DD71C5B}.Debug|Any CPU.ActiveCfg = Debug|Any CPU
		{7054EEA1-0FBF-41EF-87D8-6A824DD71C5B}.Debug|Any CPU.Build.0 = Debug|Any CPU
		{7054EEA1-0FBF-41EF-87D8-6A824DD71C5B}.Release|Any CPU.ActiveCfg = Release|Any CPU
		{7054EEA1-0FBF-41EF-87D8-6A824DD71C5B}.Release|Any CPU.Build.0 = Release|Any CPU
		{3C6571EE-6008-4659-8A78-EC16ECAF6DE3}.Debug|Any CPU.ActiveCfg = Debug|Any CPU
		{3C6571EE-6008-4659-8A78-EC16ECAF6DE3}.Debug|Any CPU.Build.0 = Debug|Any CPU
		{3C6571EE-6008-4659-8A78-EC16ECAF6DE3}.Release|Any CPU.ActiveCfg = Release|Any CPU
		{3C6571EE-6008-4659-8A78-EC16ECAF6DE3}.Release|Any CPU.Build.0 = Release|Any CPU
		{E9BA2718-C2E3-4C5D-8A57-75CBD193D9D4}.Debug|Any CPU.ActiveCfg = Debug|Any CPU
		{E9BA2718-C2E3-4C5D-8A57-75CBD193D9D4}.Debug|Any CPU.Build.0 = Debug|Any CPU
		{E9BA2718-C2E3-4C5D-8A57-75CBD193D9D4}.Release|Any CPU.ActiveCfg = Release|Any CPU
		{E9BA2718-C2E3-4C5D-8A57-75CBD193D9D4}.Release|Any CPU.Build.0 = Release|Any CPU
		{9EF3180F-5AB0-4981-986F-09A4DB6078D4}.Debug|Any CPU.ActiveCfg = Debug|Any CPU
		{9EF3180F-5AB0-4981-986F-09A4DB6078D4}.Debug|Any CPU.Build.0 = Debug|Any CPU
		{9EF3180F-5AB0-4981-986F-09A4DB6078D4}.Release|Any CPU.ActiveCfg = Release|Any CPU
		{9EF3180F-5AB0-4981-986F-09A4DB6078D4}.Release|Any CPU.Build.0 = Release|Any CPU
		{0487385C-8D55-425F-9073-38C2F8A210D5}.Debug|Any CPU.ActiveCfg = Debug|Any CPU
		{0487385C-8D55-425F-9073-38C2F8A210D5}.Debug|Any CPU.Build.0 = Debug|Any CPU
		{0487385C-8D55-425F-9073-38C2F8A210D5}.Release|Any CPU.ActiveCfg = Release|Any CPU
		{0487385C-8D55-425F-9073-38C2F8A210D5}.Release|Any CPU.Build.0 = Release|Any CPU
		{14435AAB-5347-4758-BF63-02ABA658EE1A}.Debug|Any CPU.ActiveCfg = Debug|Any CPU
		{14435AAB-5347-4758-BF63-02ABA658EE1A}.Debug|Any CPU.Build.0 = Debug|Any CPU
		{14435AAB-5347-4758-BF63-02ABA658EE1A}.Release|Any CPU.ActiveCfg = Release|Any CPU
		{14435AAB-5347-4758-BF63-02ABA658EE1A}.Release|Any CPU.Build.0 = Release|Any CPU
		{4A6B9666-E285-4134-A17D-AAE98F9BD7F4}.Debug|Any CPU.ActiveCfg = Debug|Any CPU
		{4A6B9666-E285-4134-A17D-AAE98F9BD7F4}.Debug|Any CPU.Build.0 = Debug|Any CPU
		{4A6B9666-E285-4134-A17D-AAE98F9BD7F4}.Release|Any CPU.ActiveCfg = Release|Any CPU
		{4A6B9666-E285-4134-A17D-AAE98F9BD7F4}.Release|Any CPU.Build.0 = Release|Any CPU
	EndGlobalSection
	GlobalSection(SolutionProperties) = preSolution
		HideSolutionNode = FALSE
	EndGlobalSection
	GlobalSection(ExtensibilityGlobals) = postSolution
		SolutionGuid = {25B9B1EB-59E0-4E80-B00C-CE77109645EF}
	EndGlobalSection
EndGlobal
